
Microsoft Visual Studio Solution File, Format Version 12.00
# Visual Studio Version 16
VisualStudioVersion = 16.0.33027.164
MinimumVisualStudioVersion = 10.0.40219.1
Project("{FAE04EC0-301F-11D3-BF4B-00C04F79EFBC}") = "Server", "Server\Server.csproj", "{2B542C89-5E59-4CE2-B589-4209B512EB97}"
EndProject
Project("{FAE04EC0-301F-11D3-BF4B-00C04F79EFBC}") = "Client", "Client\Client.csproj", "{006D1F33-4439-4D74-AA9C-EF8F499102D5}"
EndProject
Project("{FAE04EC0-301F-11D3-BF4B-00C04F79EFBC}") = "Common", "Common\Common.csproj", "{FC5FCB0D-CC3E-4BCE-96C7-63CBB76DB65A}"
EndProject
Global
	GlobalSection(SolutionConfigurationPlatforms) = preSolution
		Debug|Any CPU = Debug|Any CPU
		Release|Any CPU = Release|Any CPU
	EndGlobalSection
	GlobalSection(ProjectConfigurationPlatforms) = postSolution
		{2B542C89-5E59-4CE2-B589-4209B512EB97}.Debug|Any CPU.ActiveCfg = Debug|Any CPU
		{2B542C89-5E59-4CE2-B589-4209B512EB97}.Debug|Any CPU.Build.0 = Debug|Any CPU
		{2B542C89-5E59-4CE2-B589-4209B512EB97}.Release|Any CPU.ActiveCfg = Release|Any CPU
		{2B542C89-5E59-4CE2-B589-4209B512EB97}.Release|Any CPU.Build.0 = Release|Any CPU
		{006D1F33-4439-4D74-AA9C-EF8F499102D5}.Debug|Any CPU.ActiveCfg = Debug|Any CPU
		{006D1F33-4439-4D74-AA9C-EF8F499102D5}.Debug|Any CPU.Build.0 = Debug|Any CPU
		{006D1F33-4439-4D74-AA9C-EF8F499102D5}.Release|Any CPU.ActiveCfg = Release|Any CPU
		{006D1F33-4439-4D74-AA9C-EF8F499102D5}.Release|Any CPU.Build.0 = Release|Any CPU
		{FC5FCB0D-CC3E-4BCE-96C7-63CBB76DB65A}.Debug|Any CPU.ActiveCfg = Debug|Any CPU
		{FC5FCB0D-CC3E-4BCE-96C7-63CBB76DB65A}.Debug|Any CPU.Build.0 = Debug|Any CPU
		{FC5FCB0D-CC3E-4BCE-96C7-63CBB76DB65A}.Release|Any CPU.ActiveCfg = Release|Any CPU
		{FC5FCB0D-CC3E-4BCE-96C7-63CBB76DB65A}.Release|Any CPU.Build.0 = Release|Any CPU
	EndGlobalSection
	GlobalSection(SolutionProperties) = preSolution
		HideSolutionNode = FALSE
	EndGlobalSection
	GlobalSection(ExtensibilityGlobals) = postSolution
		SolutionGuid = {3067B532-4000-4E6B-AE07-6C17B1D224CC}
	EndGlobalSection
EndGlobal
