
Microsoft Visual Studio Solution File, Format Version 12.00
# Visual Studio Version 16
VisualStudioVersion = 16.0.33027.164
MinimumVisualStudioVersion = 10.0.40219.1
Project("{FAE04EC0-301F-11D3-BF4B-00C04F79EFBC}") = "Client", "SocketUDP\Client.csproj", "{436C1249-6A6D-40E5-992E-A37E68AFF9B1}"
EndProject
Project("{FAE04EC0-301F-11D3-BF4B-00C04F79EFBC}") = "Server", "Server\Server.csproj", "{CF51200C-523A-43BF-94AE-0815656CE0EF}"
EndProject
Project("{FAE04EC0-301F-11D3-BF4B-00C04F79EFBC}") = "UDPClient", "UDPClient\UDPClient.csproj", "{976E031F-B7D2-47ED-9514-5E04DFB21C53}"
EndProject
Project("{FAE04EC0-301F-11D3-BF4B-00C04F79EFBC}") = "UDPServer", "UDPServer\UDPServer.csproj", "{FAF52A04-729F-4BC8-85D3-B05932691607}"
EndProject
Global
	GlobalSection(SolutionConfigurationPlatforms) = preSolution
		Debug|Any CPU = Debug|Any CPU
		Release|Any CPU = Release|Any CPU
	EndGlobalSection
	GlobalSection(ProjectConfigurationPlatforms) = postSolution
		{436C1249-6A6D-40E5-992E-A37E68AFF9B1}.Debug|Any CPU.ActiveCfg = Debug|Any CPU
		{436C1249-6A6D-40E5-992E-A37E68AFF9B1}.Debug|Any CPU.Build.0 = Debug|Any CPU
		{436C1249-6A6D-40E5-992E-A37E68AFF9B1}.Release|Any CPU.ActiveCfg = Release|Any CPU
		{436C1249-6A6D-40E5-992E-A37E68AFF9B1}.Release|Any CPU.Build.0 = Release|Any CPU
		{CF51200C-523A-43BF-94AE-0815656CE0EF}.Debug|Any CPU.ActiveCfg = Debug|Any CPU
		{CF51200C-523A-43BF-94AE-0815656CE0EF}.Debug|Any CPU.Build.0 = Debug|Any CPU
		{CF51200C-523A-43BF-94AE-0815656CE0EF}.Release|Any CPU.ActiveCfg = Release|Any CPU
		{CF51200C-523A-43BF-94AE-0815656CE0EF}.Release|Any CPU.Build.0 = Release|Any CPU
		{976E031F-B7D2-47ED-9514-5E04DFB21C53}.Debug|Any CPU.ActiveCfg = Debug|Any CPU
		{976E031F-B7D2-47ED-9514-5E04DFB21C53}.Debug|Any CPU.Build.0 = Debug|Any CPU
		{976E031F-B7D2-47ED-9514-5E04DFB21C53}.Release|Any CPU.ActiveCfg = Release|Any CPU
		{976E031F-B7D2-47ED-9514-5E04DFB21C53}.Release|Any CPU.Build.0 = Release|Any CPU
		{FAF52A04-729F-4BC8-85D3-B05932691607}.Debug|Any CPU.ActiveCfg = Debug|Any CPU
		{FAF52A04-729F-4BC8-85D3-B05932691607}.Debug|Any CPU.Build.0 = Debug|Any CPU
		{FAF52A04-729F-4BC8-85D3-B05932691607}.Release|Any CPU.ActiveCfg = Release|Any CPU
		{FAF52A04-729F-4BC8-85D3-B05932691607}.Release|Any CPU.Build.0 = Release|Any CPU
	EndGlobalSection
	GlobalSection(SolutionProperties) = preSolution
		HideSolutionNode = FALSE
	EndGlobalSection
	GlobalSection(ExtensibilityGlobals) = postSolution
		SolutionGuid = {870452D2-9F82-4B72-8744-124D328EB15E}
	EndGlobalSection
EndGlobal
