
Microsoft Visual Studio Solution File, Format Version 12.00
# Visual Studio Version 16
VisualStudioVersion = 16.0.33214.272
MinimumVisualStudioVersion = 10.0.40219.1
Project("{FAE04EC0-301F-11D3-BF4B-00C04F79EFBC}") = "MathLib", "MathLib\MathLib.csproj", "{7D827FF2-989E-4DDF-8D75-CE4F845B3C0E}"
EndProject
Global
	GlobalSection(SolutionConfigurationPlatforms) = preSolution
		Debug|Any CPU = Debug|Any CPU
		Release|Any CPU = Release|Any CPU
	EndGlobalSection
	GlobalSection(ProjectConfigurationPlatforms) = postSolution
		{7D827FF2-989E-4DDF-8D75-CE4F845B3C0E}.Debug|Any CPU.ActiveCfg = Debug|Any CPU
		{7D827FF2-989E-4DDF-8D75-CE4F845B3C0E}.Debug|Any CPU.Build.0 = Debug|Any CPU
		{7D827FF2-989E-4DDF-8D75-CE4F845B3C0E}.Release|Any CPU.ActiveCfg = Release|Any CPU
		{7D827FF2-989E-4DDF-8D75-CE4F845B3C0E}.Release|Any CPU.Build.0 = Release|Any CPU
	EndGlobalSection
	GlobalSection(SolutionProperties) = preSolution
		HideSolutionNode = FALSE
	EndGlobalSection
	GlobalSection(ExtensibilityGlobals) = postSolution
		SolutionGuid = {40F936EC-EE2E-4DFA-AD77-BCFED9782DFF}
	EndGlobalSection
EndGlobal
