
Microsoft Visual Studio Solution File, Format Version 12.00
# Visual Studio Version 16
VisualStudioVersion = 16.0.33027.164
MinimumVisualStudioVersion = 10.0.40219.1
Project("{FAE04EC0-301F-11D3-BF4B-00C04F79EFBC}") = "FirstProject", "FirstProject\FirstProject.csproj", "{B5A6694E-2D1F-4494-A873-431209D1811C}"
EndProject
Project("{FAE04EC0-301F-11D3-BF4B-00C04F79EFBC}") = "ClassLibrary1", "ClassLibrary1\ClassLibrary1.csproj", "{CE94610F-7A94-482B-BD9B-E78ACE9D202E}"
EndProject
Global
	GlobalSection(SolutionConfigurationPlatforms) = preSolution
		Debug|Any CPU = Debug|Any CPU
		Release|Any CPU = Release|Any CPU
	EndGlobalSection
	GlobalSection(ProjectConfigurationPlatforms) = postSolution
		{B5A6694E-2D1F-4494-A873-431209D1811C}.Debug|Any CPU.ActiveCfg = Debug|Any CPU
		{B5A6694E-2D1F-4494-A873-431209D1811C}.Debug|Any CPU.Build.0 = Debug|Any CPU
		{B5A6694E-2D1F-4494-A873-431209D1811C}.Release|Any CPU.ActiveCfg = Release|Any CPU
		{B5A6694E-2D1F-4494-A873-431209D1811C}.Release|Any CPU.Build.0 = Release|Any CPU
		{CE94610F-7A94-482B-BD9B-E78ACE9D202E}.Debug|Any CPU.ActiveCfg = Debug|Any CPU
		{CE94610F-7A94-482B-BD9B-E78ACE9D202E}.Debug|Any CPU.Build.0 = Debug|Any CPU
		{CE94610F-7A94-482B-BD9B-E78ACE9D202E}.Release|Any CPU.ActiveCfg = Release|Any CPU
		{CE94610F-7A94-482B-BD9B-E78ACE9D202E}.Release|Any CPU.Build.0 = Release|Any CPU
	EndGlobalSection
	GlobalSection(SolutionProperties) = preSolution
		HideSolutionNode = FALSE
	EndGlobalSection
	GlobalSection(ExtensibilityGlobals) = postSolution
		SolutionGuid = {99E7B916-CE62-44ED-A15E-FCF1E25A059C}
	EndGlobalSection
EndGlobal
