
Microsoft Visual Studio Solution File, Format Version 12.00
# Visual Studio Version 16
VisualStudioVersion = 16.0.33214.272
MinimumVisualStudioVersion = 10.0.40219.1
Project("{9A19103F-16F7-4668-BE54-9A1E7A4F7556}") = "HandleSystemIO", "SecondIntermediateProject\HandleSystemIO.csproj", "{2ED6CF35-295B-4D00-8392-7B391B7BD623}"
EndProject
Project("{FAE04EC0-301F-11D3-BF4B-00C04F79EFBC}") = "UseLinq", "UseObservableCollection\UseLinq.csproj", "{E86C1D0D-DF91-4A28-9E71-84282ACD4ABC}"
EndProject
Project("{FAE04EC0-301F-11D3-BF4B-00C04F79EFBC}") = "WPFUseObservableCollection", "WPFUseObservableCollection\WPFUseObservableCollection.csproj", "{2E4AD394-B4A4-4260-8C57-5E310AECF1E4}"
EndProject
Global
	GlobalSection(SolutionConfigurationPlatforms) = preSolution
		Debug|Any CPU = Debug|Any CPU
		Release|Any CPU = Release|Any CPU
	EndGlobalSection
	GlobalSection(ProjectConfigurationPlatforms) = postSolution
		{2ED6CF35-295B-4D00-8392-7B391B7BD623}.Debug|Any CPU.ActiveCfg = Debug|Any CPU
		{2ED6CF35-295B-4D00-8392-7B391B7BD623}.Debug|Any CPU.Build.0 = Debug|Any CPU
		{2ED6CF35-295B-4D00-8392-7B391B7BD623}.Release|Any CPU.ActiveCfg = Release|Any CPU
		{2ED6CF35-295B-4D00-8392-7B391B7BD623}.Release|Any CPU.Build.0 = Release|Any CPU
		{E86C1D0D-DF91-4A28-9E71-84282ACD4ABC}.Debug|Any CPU.ActiveCfg = Debug|Any CPU
		{E86C1D0D-DF91-4A28-9E71-84282ACD4ABC}.Debug|Any CPU.Build.0 = Debug|Any CPU
		{E86C1D0D-DF91-4A28-9E71-84282ACD4ABC}.Release|Any CPU.ActiveCfg = Release|Any CPU
		{E86C1D0D-DF91-4A28-9E71-84282ACD4ABC}.Release|Any CPU.Build.0 = Release|Any CPU
		{2E4AD394-B4A4-4260-8C57-5E310AECF1E4}.Debug|Any CPU.ActiveCfg = Debug|Any CPU
		{2E4AD394-B4A4-4260-8C57-5E310AECF1E4}.Debug|Any CPU.Build.0 = Debug|Any CPU
		{2E4AD394-B4A4-4260-8C57-5E310AECF1E4}.Release|Any CPU.ActiveCfg = Release|Any CPU
		{2E4AD394-B4A4-4260-8C57-5E310AECF1E4}.Release|Any CPU.Build.0 = Release|Any CPU
	EndGlobalSection
	GlobalSection(SolutionProperties) = preSolution
		HideSolutionNode = FALSE
	EndGlobalSection
	GlobalSection(ExtensibilityGlobals) = postSolution
		SolutionGuid = {A511996B-4575-45B7-B42D-370D5175462A}
	EndGlobalSection
EndGlobal
